
Microsoft Visual Studio Solution File, Format Version 12.00
# Visual Studio Version 17
VisualStudioVersion = 17.10.35122.118
MinimumVisualStudioVersion = 10.0.40219.1
Project("{2150E333-8FDC-42A3-9474-1A3956D46DE8}") = "Libs", "Libs", "{F2E48275-1A00-4CB9-8186-FC6FF336AA6C}"
EndProject
Project("{2150E333-8FDC-42A3-9474-1A3956D46DE8}") = "App", "App", "{0F37C168-9AEF-46B2-B3F7-C887326214A5}"
EndProject
Project("{9A19103F-16F7-4668-BE54-9A1E7A4F7556}") = "DongTa.Domain", "DongTa.Domain\DongTa.Domain.csproj", "{DAFE6DFA-6B3D-4C19-AD87-8DF288CEB6A4}"
EndProject
Project("{9A19103F-16F7-4668-BE54-9A1E7A4F7556}") = "DongTa.DataAccess", "DongTa.DataAccess\DongTa.DataAccess.csproj", "{F3E9371B-69FC-464E-B151-C3744D664C4C}"
EndProject
Project("{9A19103F-16F7-4668-BE54-9A1E7A4F7556}") = "DongTa.ApiServer", "DongTa.ApiServer\DongTa.ApiServer.csproj", "{EA7D584E-8034-4B5E-B088-06B92876A30D}"
EndProject
Project("{9A19103F-16F7-4668-BE54-9A1E7A4F7556}") = "DongTa.DataAccessMediatR", "DongTa.DataAccessMediatR\DongTa.DataAccessMediatR.csproj", "{CF2A9527-D6C2-41DF-9BDD-2946D139D9BB}"
EndProject
Project("{9A19103F-16F7-4668-BE54-9A1E7A4F7556}") = "DongTa.Result", "DongTa.Result\DongTa.Result.csproj", "{5769CD79-6ABE-413D-A224-11F24CBFB070}"
EndProject
Project("{9A19103F-16F7-4668-BE54-9A1E7A4F7556}") = "DongTa.Message", "DongTa.Message\DongTa.Message.csproj", "{E2649CAA-1768-4035-A024-CED7C7305E83}"
EndProject
Project("{9A19103F-16F7-4668-BE54-9A1E7A4F7556}") = "DongTa.DataAccessDapper", "DongTa.DataAccessDapper\DongTa.DataAccessDapper.csproj", "{B2338FF7-DA34-48F1-BCAE-8AE3CBE8238E}"
EndProject
Project("{9A19103F-16F7-4668-BE54-9A1E7A4F7556}") = "DongTa.ApiEndPoint", "DongTa.ApiEndPoint\DongTa.ApiEndPoint.csproj", "{957CF6BB-8006-443E-B5E5-860B7A1B7EEE}"
EndProject
Project("{9A19103F-16F7-4668-BE54-9A1E7A4F7556}") = "DongTa.ConsoleUI", "DongTa.ConsoleUI\DongTa.ConsoleUI.csproj", "{4215E6DD-9438-4FA0-A64A-6591239FED1D}"
EndProject
Project("{9A19103F-16F7-4668-BE54-9A1E7A4F7556}") = "DongTa.DesktopUI", "DongTa.DesktopUI\DongTa.DesktopUI.csproj", "{70513E2A-6F99-4F1F-8E27-5C7801552C50}"
EndProject
Project("{9A19103F-16F7-4668-BE54-9A1E7A4F7556}") = "DongTa.AspireFirst.AppHost", "DongTa.AspireFirst\DongTa.AspireFirst.AppHost\DongTa.AspireFirst.AppHost.csproj", "{8CB97DE6-9D2D-481D-A011-DEE3A3285198}"
EndProject
Project("{9A19103F-16F7-4668-BE54-9A1E7A4F7556}") = "DongTa.AspireFirst.ServiceDefaults", "DongTa.AspireFirst\DongTa.AspireFirst.ServiceDefaults\DongTa.AspireFirst.ServiceDefaults.csproj", "{02DD3260-57D9-44CB-B3FE-64FA3763730B}"
EndProject
Project("{9A19103F-16F7-4668-BE54-9A1E7A4F7556}") = "DongTa.AspireFirst.ApiService", "DongTa.AspireFirst\DongTa.AspireFirst.ApiService\DongTa.AspireFirst.ApiService.csproj", "{6FA67683-134D-4FB8-AFCC-9C473E190A9E}"
EndProject
Project("{9A19103F-16F7-4668-BE54-9A1E7A4F7556}") = "DongTa.AspireFirst.Web", "DongTa.AspireFirst\DongTa.AspireFirst.Web\DongTa.AspireFirst.Web.csproj", "{F9DF0D34-71A2-4C02-8B74-75F47388FB55}"
EndProject
Global
	GlobalSection(SolutionConfigurationPlatforms) = preSolution
		Debug|Any CPU = Debug|Any CPU
		Release|Any CPU = Release|Any CPU
	EndGlobalSection
	GlobalSection(ProjectConfigurationPlatforms) = postSolution
		{DAFE6DFA-6B3D-4C19-AD87-8DF288CEB6A4}.Debug|Any CPU.ActiveCfg = Debug|Any CPU
		{DAFE6DFA-6B3D-4C19-AD87-8DF288CEB6A4}.Debug|Any CPU.Build.0 = Debug|Any CPU
		{DAFE6DFA-6B3D-4C19-AD87-8DF288CEB6A4}.Release|Any CPU.ActiveCfg = Release|Any CPU
		{DAFE6DFA-6B3D-4C19-AD87-8DF288CEB6A4}.Release|Any CPU.Build.0 = Release|Any CPU
		{F3E9371B-69FC-464E-B151-C3744D664C4C}.Debug|Any CPU.ActiveCfg = Debug|Any CPU
		{F3E9371B-69FC-464E-B151-C3744D664C4C}.Debug|Any CPU.Build.0 = Debug|Any CPU
		{F3E9371B-69FC-464E-B151-C3744D664C4C}.Release|Any CPU.ActiveCfg = Release|Any CPU
		{F3E9371B-69FC-464E-B151-C3744D664C4C}.Release|Any CPU.Build.0 = Release|Any CPU
		{EA7D584E-8034-4B5E-B088-06B92876A30D}.Debug|Any CPU.ActiveCfg = Debug|Any CPU
		{EA7D584E-8034-4B5E-B088-06B92876A30D}.Debug|Any CPU.Build.0 = Debug|Any CPU
		{EA7D584E-8034-4B5E-B088-06B92876A30D}.Release|Any CPU.ActiveCfg = Release|Any CPU
		{EA7D584E-8034-4B5E-B088-06B92876A30D}.Release|Any CPU.Build.0 = Release|Any CPU
		{CF2A9527-D6C2-41DF-9BDD-2946D139D9BB}.Debug|Any CPU.ActiveCfg = Debug|Any CPU
		{CF2A9527-D6C2-41DF-9BDD-2946D139D9BB}.Debug|Any CPU.Build.0 = Debug|Any CPU
		{CF2A9527-D6C2-41DF-9BDD-2946D139D9BB}.Release|Any CPU.ActiveCfg = Release|Any CPU
		{CF2A9527-D6C2-41DF-9BDD-2946D139D9BB}.Release|Any CPU.Build.0 = Release|Any CPU
		{5769CD79-6ABE-413D-A224-11F24CBFB070}.Debug|Any CPU.ActiveCfg = Debug|Any CPU
		{5769CD79-6ABE-413D-A224-11F24CBFB070}.Debug|Any CPU.Build.0 = Debug|Any CPU
		{5769CD79-6ABE-413D-A224-11F24CBFB070}.Release|Any CPU.ActiveCfg = Release|Any CPU
		{5769CD79-6ABE-413D-A224-11F24CBFB070}.Release|Any CPU.Build.0 = Release|Any CPU
		{E2649CAA-1768-4035-A024-CED7C7305E83}.Debug|Any CPU.ActiveCfg = Debug|Any CPU
		{E2649CAA-1768-4035-A024-CED7C7305E83}.Debug|Any CPU.Build.0 = Debug|Any CPU
		{E2649CAA-1768-4035-A024-CED7C7305E83}.Release|Any CPU.ActiveCfg = Release|Any CPU
		{E2649CAA-1768-4035-A024-CED7C7305E83}.Release|Any CPU.Build.0 = Release|Any CPU
		{B2338FF7-DA34-48F1-BCAE-8AE3CBE8238E}.Debug|Any CPU.ActiveCfg = Debug|Any CPU
		{B2338FF7-DA34-48F1-BCAE-8AE3CBE8238E}.Debug|Any CPU.Build.0 = Debug|Any CPU
		{B2338FF7-DA34-48F1-BCAE-8AE3CBE8238E}.Release|Any CPU.ActiveCfg = Release|Any CPU
		{B2338FF7-DA34-48F1-BCAE-8AE3CBE8238E}.Release|Any CPU.Build.0 = Release|Any CPU
		{957CF6BB-8006-443E-B5E5-860B7A1B7EEE}.Debug|Any CPU.ActiveCfg = Debug|Any CPU
		{957CF6BB-8006-443E-B5E5-860B7A1B7EEE}.Debug|Any CPU.Build.0 = Debug|Any CPU
		{957CF6BB-8006-443E-B5E5-860B7A1B7EEE}.Release|Any CPU.ActiveCfg = Release|Any CPU
		{957CF6BB-8006-443E-B5E5-860B7A1B7EEE}.Release|Any CPU.Build.0 = Release|Any CPU
		{4215E6DD-9438-4FA0-A64A-6591239FED1D}.Debug|Any CPU.ActiveCfg = Debug|Any CPU
		{4215E6DD-9438-4FA0-A64A-6591239FED1D}.Debug|Any CPU.Build.0 = Debug|Any CPU
		{4215E6DD-9438-4FA0-A64A-6591239FED1D}.Release|Any CPU.ActiveCfg = Release|Any CPU
		{4215E6DD-9438-4FA0-A64A-6591239FED1D}.Release|Any CPU.Build.0 = Release|Any CPU
		{70513E2A-6F99-4F1F-8E27-5C7801552C50}.Debug|Any CPU.ActiveCfg = Debug|Any CPU
		{70513E2A-6F99-4F1F-8E27-5C7801552C50}.Debug|Any CPU.Build.0 = Debug|Any CPU
		{70513E2A-6F99-4F1F-8E27-5C7801552C50}.Release|Any CPU.ActiveCfg = Release|Any CPU
		{70513E2A-6F99-4F1F-8E27-5C7801552C50}.Release|Any CPU.Build.0 = Release|Any CPU
		{8CB97DE6-9D2D-481D-A011-DEE3A3285198}.Debug|Any CPU.ActiveCfg = Debug|Any CPU
		{8CB97DE6-9D2D-481D-A011-DEE3A3285198}.Debug|Any CPU.Build.0 = Debug|Any CPU
		{8CB97DE6-9D2D-481D-A011-DEE3A3285198}.Release|Any CPU.ActiveCfg = Release|Any CPU
		{8CB97DE6-9D2D-481D-A011-DEE3A3285198}.Release|Any CPU.Build.0 = Release|Any CPU
		{02DD3260-57D9-44CB-B3FE-64FA3763730B}.Debug|Any CPU.ActiveCfg = Debug|Any CPU
		{02DD3260-57D9-44CB-B3FE-64FA3763730B}.Debug|Any CPU.Build.0 = Debug|Any CPU
		{02DD3260-57D9-44CB-B3FE-64FA3763730B}.Release|Any CPU.ActiveCfg = Release|Any CPU
		{02DD3260-57D9-44CB-B3FE-64FA3763730B}.Release|Any CPU.Build.0 = Release|Any CPU
		{6FA67683-134D-4FB8-AFCC-9C473E190A9E}.Debug|Any CPU.ActiveCfg = Debug|Any CPU
		{6FA67683-134D-4FB8-AFCC-9C473E190A9E}.Debug|Any CPU.Build.0 = Debug|Any CPU
		{6FA67683-134D-4FB8-AFCC-9C473E190A9E}.Release|Any CPU.ActiveCfg = Release|Any CPU
		{6FA67683-134D-4FB8-AFCC-9C473E190A9E}.Release|Any CPU.Build.0 = Release|Any CPU
		{F9DF0D34-71A2-4C02-8B74-75F47388FB55}.Debug|Any CPU.ActiveCfg = Debug|Any CPU
		{F9DF0D34-71A2-4C02-8B74-75F47388FB55}.Debug|Any CPU.Build.0 = Debug|Any CPU
		{F9DF0D34-71A2-4C02-8B74-75F47388FB55}.Release|Any CPU.ActiveCfg = Release|Any CPU
		{F9DF0D34-71A2-4C02-8B74-75F47388FB55}.Release|Any CPU.Build.0 = Release|Any CPU
	EndGlobalSection
	GlobalSection(SolutionProperties) = preSolution
		HideSolutionNode = FALSE
	EndGlobalSection
	GlobalSection(NestedProjects) = preSolution
		{DAFE6DFA-6B3D-4C19-AD87-8DF288CEB6A4} = {F2E48275-1A00-4CB9-8186-FC6FF336AA6C}
		{F3E9371B-69FC-464E-B151-C3744D664C4C} = {F2E48275-1A00-4CB9-8186-FC6FF336AA6C}
		{EA7D584E-8034-4B5E-B088-06B92876A30D} = {0F37C168-9AEF-46B2-B3F7-C887326214A5}
		{CF2A9527-D6C2-41DF-9BDD-2946D139D9BB} = {F2E48275-1A00-4CB9-8186-FC6FF336AA6C}
		{5769CD79-6ABE-413D-A224-11F24CBFB070} = {F2E48275-1A00-4CB9-8186-FC6FF336AA6C}
		{E2649CAA-1768-4035-A024-CED7C7305E83} = {F2E48275-1A00-4CB9-8186-FC6FF336AA6C}
		{B2338FF7-DA34-48F1-BCAE-8AE3CBE8238E} = {F2E48275-1A00-4CB9-8186-FC6FF336AA6C}
		{957CF6BB-8006-443E-B5E5-860B7A1B7EEE} = {F2E48275-1A00-4CB9-8186-FC6FF336AA6C}
		{4215E6DD-9438-4FA0-A64A-6591239FED1D} = {0F37C168-9AEF-46B2-B3F7-C887326214A5}
		{70513E2A-6F99-4F1F-8E27-5C7801552C50} = {0F37C168-9AEF-46B2-B3F7-C887326214A5}
		{8CB97DE6-9D2D-481D-A011-DEE3A3285198} = {0F37C168-9AEF-46B2-B3F7-C887326214A5}
		{02DD3260-57D9-44CB-B3FE-64FA3763730B} = {0F37C168-9AEF-46B2-B3F7-C887326214A5}
		{6FA67683-134D-4FB8-AFCC-9C473E190A9E} = {0F37C168-9AEF-46B2-B3F7-C887326214A5}
		{F9DF0D34-71A2-4C02-8B74-75F47388FB55} = {0F37C168-9AEF-46B2-B3F7-C887326214A5}
	EndGlobalSection
	GlobalSection(ExtensibilityGlobals) = postSolution
		SolutionGuid = {10D44165-F086-4F8A-9295-B2B38093592B}
	EndGlobalSection
EndGlobal
